# Manually force-unlock state
name: Force unlock
run-name: Force unlock (${{ inputs.dir }})

on:
  workflow_call:
    inputs:
      tf-binary:
        description: Terraform or OpenTofu binary name
        type: string
        default: tofu
      terraform-version:
        description: Terraform version to use (if tf-binary is terraform)
        type: string
        default: latest

      auth-mode:
        description: Authentication mode (aws-oidc, aws-cred (deprecated), or gcp-oidc)
        type: string
        default: aws-oidc
      aws-region:
        description: AWS region (required when auth-mode contains aws-oidc)
        type: string
        default: ap-northeast-1
      aws-role:
        description: >-
          AWS role to assume (required when auth-mode contains aws-oidc)
          e.g. arn:aws:iam::0123456789:role/my-apply-role-name
        type: string
      gcp-project:
        description: GCP project ID (required when auth-mode contains gcp-oidc)
        type: string
      gcp-idp:
        description: >-
          GCP workload identity provider (required when auth-mode contains gcp-oidc)
          e.g. projects/0123456789/locations/global/workloadIdentityPools/github-actions-pool/providers/github-provider
        type: string

      dir:
        description: Directory to run in
        type: string
        required: true
      lock-id:
        description: Lock ID (see error message of OpenTofu)
        type: string
        required: true

    secrets:
      aws-cred:
        description: AWS credentials (required when auth-mode contains aws-cred)
        required: false

permissions:
  contents: read
  id-token: write

jobs:
  force-unlock:
    runs-on: ubuntu-latest
    steps:
      - uses: gmo-media/tofu-actions/configure@v4
        with:
          tf-binary: ${{ inputs.tf-binary }}
          terraform-version: ${{ inputs.terraform-version }}
          dir: ${{ inputs.dir }}
          auth-mode: ${{ inputs.auth-mode }}
          aws-region: ${{ inputs.aws-region }}
          aws-role: ${{ inputs.aws-role }}
          aws-cred: ${{ secrets.aws-cred }}
          gcp-project: ${{ inputs.gcp-project }}
          gcp-idp: ${{ inputs.gcp-idp }}

      - working-directory: ${{ inputs.dir }}
        run: ${{ inputs.tf-binary }} force-unlock -force ${{ inputs.lock-id }}
